
Microsoft Visual Studio Solution File, Format Version 12.00
# Visual Studio Version 16
VisualStudioVersion = 16.0.31624.102
MinimumVisualStudioVersion = 10.0.40219.1
Project("{2150E333-8FDC-42A3-9474-1A3956D46DE8}") = "Solution Items", "Solution Items", "{8B687F4A-15BB-4C31-B7BA-2FE6B8EB3D8B}"
	ProjectSection(SolutionItems) = preProject
		README.md = README.md
	EndProjectSection
EndProject
Project("{FAE04EC0-301F-11D3-BF4B-00C04F79EFBC}") = "LuxubuShop.Core", "LuxubuShop.Core\LuxubuShop.Core.csproj", "{0256B484-B277-462F-920E-A85054C65614}"
EndProject
Project("{FAE04EC0-301F-11D3-BF4B-00C04F79EFBC}") = "LuxubuShop.Web", "LuxubuShop.Web\LuxubuShop.Web.csproj", "{8AF6B53F-8AF7-4543-8454-C05849AAB2D7}"
EndProject
Project("{FAE04EC0-301F-11D3-BF4B-00C04F79EFBC}") = "Common", "Common\Common.csproj", "{3F2E62F0-B56D-4B2E-9B09-B841D5881BEC}"
EndProject
Global
	GlobalSection(SolutionConfigurationPlatforms) = preSolution
		Debug|Any CPU = Debug|Any CPU
		Release|Any CPU = Release|Any CPU
	EndGlobalSection
	GlobalSection(ProjectConfigurationPlatforms) = postSolution
		{0256B484-B277-462F-920E-A85054C65614}.Debug|Any CPU.ActiveCfg = Debug|Any CPU
		{0256B484-B277-462F-920E-A85054C65614}.Debug|Any CPU.Build.0 = Debug|Any CPU
		{0256B484-B277-462F-920E-A85054C65614}.Release|Any CPU.ActiveCfg = Release|Any CPU
		{0256B484-B277-462F-920E-A85054C65614}.Release|Any CPU.Build.0 = Release|Any CPU
		{8AF6B53F-8AF7-4543-8454-C05849AAB2D7}.Debug|Any CPU.ActiveCfg = Debug|Any CPU
		{8AF6B53F-8AF7-4543-8454-C05849AAB2D7}.Debug|Any CPU.Build.0 = Debug|Any CPU
		{8AF6B53F-8AF7-4543-8454-C05849AAB2D7}.Release|Any CPU.ActiveCfg = Release|Any CPU
		{8AF6B53F-8AF7-4543-8454-C05849AAB2D7}.Release|Any CPU.Build.0 = Release|Any CPU
		{3F2E62F0-B56D-4B2E-9B09-B841D5881BEC}.Debug|Any CPU.ActiveCfg = Debug|Any CPU
		{3F2E62F0-B56D-4B2E-9B09-B841D5881BEC}.Debug|Any CPU.Build.0 = Debug|Any CPU
		{3F2E62F0-B56D-4B2E-9B09-B841D5881BEC}.Release|Any CPU.ActiveCfg = Release|Any CPU
		{3F2E62F0-B56D-4B2E-9B09-B841D5881BEC}.Release|Any CPU.Build.0 = Release|Any CPU
	EndGlobalSection
	GlobalSection(SolutionProperties) = preSolution
		HideSolutionNode = FALSE
	EndGlobalSection
	GlobalSection(ExtensibilityGlobals) = postSolution
		SolutionGuid = {B1CB4A53-E779-4630-8874-6E872EA2746E}
	EndGlobalSection
EndGlobal
